
Microsoft Visual Studio Solution File, Format Version 12.00
# Visual Studio Version 17
VisualStudioVersion = 17.5.33627.172
MinimumVisualStudioVersion = 10.0.40219.1
Project("{FAE04EC0-301F-11D3-BF4B-00C04F79EFBC}") = "Mortgage calculator", "Mortgage calculator.csproj", "{AEBD3F40-46E6-4E34-9833-C6D457A3C9AF}"
EndProject
Global
	GlobalSection(SolutionConfigurationPlatforms) = preSolution
		Debug|ARM = Debug|ARM
		Debug|ARM64 = Debug|ARM64
		Debug|x64 = Debug|x64
		Debug|x86 = Debug|x86
		Release|ARM = Release|ARM
		Release|ARM64 = Release|ARM64
		Release|x64 = Release|x64
		Release|x86 = Release|x86
	EndGlobalSection
	GlobalSection(ProjectConfigurationPlatforms) = postSolution
		{AEBD3F40-46E6-4E34-9833-C6D457A3C9AF}.Debug|ARM.ActiveCfg = Debug|ARM
		{AEBD3F40-46E6-4E34-9833-C6D457A3C9AF}.Debug|ARM.Build.0 = Debug|ARM
		{AEBD3F40-46E6-4E34-9833-C6D457A3C9AF}.Debug|ARM.Deploy.0 = Debug|ARM
		{AEBD3F40-46E6-4E34-9833-C6D457A3C9AF}.Debug|ARM64.ActiveCfg = Debug|ARM64
		{AEBD3F40-46E6-4E34-9833-C6D457A3C9AF}.Debug|ARM64.Build.0 = Debug|ARM64
		{AEBD3F40-46E6-4E34-9833-C6D457A3C9AF}.Debug|ARM64.Deploy.0 = Debug|ARM64
		{AEBD3F40-46E6-4E34-9833-C6D457A3C9AF}.Debug|x64.ActiveCfg = Debug|x64
		{AEBD3F40-46E6-4E34-9833-C6D457A3C9AF}.Debug|x64.Build.0 = Debug|x64
		{AEBD3F40-46E6-4E34-9833-C6D457A3C9AF}.Debug|x64.Deploy.0 = Debug|x64
		{AEBD3F40-46E6-4E34-9833-C6D457A3C9AF}.Debug|x86.ActiveCfg = Debug|x86
		{AEBD3F40-46E6-4E34-9833-C6D457A3C9AF}.Debug|x86.Build.0 = Debug|x86
		{AEBD3F40-46E6-4E34-9833-C6D457A3C9AF}.Debug|x86.Deploy.0 = Debug|x86
		{AEBD3F40-46E6-4E34-9833-C6D457A3C9AF}.Release|ARM.ActiveCfg = Release|ARM
		{AEBD3F40-46E6-4E34-9833-C6D457A3C9AF}.Release|ARM.Build.0 = Release|ARM
		{AEBD3F40-46E6-4E34-9833-C6D457A3C9AF}.Release|ARM.Deploy.0 = Release|ARM
		{AEBD3F40-46E6-4E34-9833-C6D457A3C9AF}.Release|ARM64.ActiveCfg = Release|ARM64
		{AEBD3F40-46E6-4E34-9833-C6D457A3C9AF}.Release|ARM64.Build.0 = Release|ARM64
		{AEBD3F40-46E6-4E34-9833-C6D457A3C9AF}.Release|ARM64.Deploy.0 = Release|ARM64
		{AEBD3F40-46E6-4E34-9833-C6D457A3C9AF}.Release|x64.ActiveCfg = Release|x64
		{AEBD3F40-46E6-4E34-9833-C6D457A3C9AF}.Release|x64.Build.0 = Release|x64
		{AEBD3F40-46E6-4E34-9833-C6D457A3C9AF}.Release|x64.Deploy.0 = Release|x64
		{AEBD3F40-46E6-4E34-9833-C6D457A3C9AF}.Release|x86.ActiveCfg = Release|x86
		{AEBD3F40-46E6-4E34-9833-C6D457A3C9AF}.Release|x86.Build.0 = Release|x86
		{AEBD3F40-46E6-4E34-9833-C6D457A3C9AF}.Release|x86.Deploy.0 = Release|x86
	EndGlobalSection
	GlobalSection(SolutionProperties) = preSolution
		HideSolutionNode = FALSE
	EndGlobalSection
	GlobalSection(ExtensibilityGlobals) = postSolution
		SolutionGuid = {97D6323D-6E23-411B-A702-5798E8CFB6C5}
	EndGlobalSection
EndGlobal
